
Microsoft Visual Studio Solution File, Format Version 12.00
# Visual Studio Version 17
VisualStudioVersion = 17.4.33213.308
MinimumVisualStudioVersion = 10.0.40219.1
Project("{FAE04EC0-301F-11D3-BF4B-00C04F79EFBC}") = "PS03_01", "PS03_01.csproj", "{894BAC71-69CE-4B24-8201-DE6121BB224D}"
EndProject
Global
	GlobalSection(SolutionConfigurationPlatforms) = preSolution
		Debug|Any CPU = Debug|Any CPU
		Release|Any CPU = Release|Any CPU
	EndGlobalSection
	GlobalSection(ProjectConfigurationPlatforms) = postSolution
		{894BAC71-69CE-4B24-8201-DE6121BB224D}.Debug|Any CPU.ActiveCfg = Debug|Any CPU
		{894BAC71-69CE-4B24-8201-DE6121BB224D}.Debug|Any CPU.Build.0 = Debug|Any CPU
		{894BAC71-69CE-4B24-8201-DE6121BB224D}.Release|Any CPU.ActiveCfg = Release|Any CPU
		{894BAC71-69CE-4B24-8201-DE6121BB224D}.Release|Any CPU.Build.0 = Release|Any CPU
	EndGlobalSection
	GlobalSection(SolutionProperties) = preSolution
		HideSolutionNode = FALSE
	EndGlobalSection
	GlobalSection(ExtensibilityGlobals) = postSolution
		SolutionGuid = {B32647B6-8695-4EC2-A159-C327A14EF68B}
	EndGlobalSection
EndGlobal
